
Microsoft Visual Studio Solution File, Format Version 12.00
# Visual Studio Version 16
VisualStudioVersion = 16.0.30503.244
MinimumVisualStudioVersion = 10.0.40219.1
Project("{FAE04EC0-301F-11D3-BF4B-00C04F79EFBC}") = "HomeWork.WebApp", "HomeWork.WebApp\HomeWork.WebApp.csproj", "{F0CB0A57-12CC-496B-9CD7-49BA315EC711}"
EndProject
Project("{FAE04EC0-301F-11D3-BF4B-00C04F79EFBC}") = "HomeWork.BL", "HomeWork.BL\HomeWork.BL.csproj", "{140D30AE-50E5-47C6-BB28-7CA44C8103CA}"
EndProject
Project("{FAE04EC0-301F-11D3-BF4B-00C04F79EFBC}") = "HomeWork.DL", "HomeWork.DL\HomeWork.DL.csproj", "{4DF2778C-A480-4FD4-A20C-1C8EFC64817B}"
EndProject
Global
	GlobalSection(SolutionConfigurationPlatforms) = preSolution
		Debug|Any CPU = Debug|Any CPU
		Release|Any CPU = Release|Any CPU
	EndGlobalSection
	GlobalSection(ProjectConfigurationPlatforms) = postSolution
		{F0CB0A57-12CC-496B-9CD7-49BA315EC711}.Debug|Any CPU.ActiveCfg = Debug|Any CPU
		{F0CB0A57-12CC-496B-9CD7-49BA315EC711}.Debug|Any CPU.Build.0 = Debug|Any CPU
		{F0CB0A57-12CC-496B-9CD7-49BA315EC711}.Release|Any CPU.ActiveCfg = Release|Any CPU
		{F0CB0A57-12CC-496B-9CD7-49BA315EC711}.Release|Any CPU.Build.0 = Release|Any CPU
		{140D30AE-50E5-47C6-BB28-7CA44C8103CA}.Debug|Any CPU.ActiveCfg = Debug|Any CPU
		{140D30AE-50E5-47C6-BB28-7CA44C8103CA}.Debug|Any CPU.Build.0 = Debug|Any CPU
		{140D30AE-50E5-47C6-BB28-7CA44C8103CA}.Release|Any CPU.ActiveCfg = Release|Any CPU
		{140D30AE-50E5-47C6-BB28-7CA44C8103CA}.Release|Any CPU.Build.0 = Release|Any CPU
		{4DF2778C-A480-4FD4-A20C-1C8EFC64817B}.Debug|Any CPU.ActiveCfg = Debug|Any CPU
		{4DF2778C-A480-4FD4-A20C-1C8EFC64817B}.Debug|Any CPU.Build.0 = Debug|Any CPU
		{4DF2778C-A480-4FD4-A20C-1C8EFC64817B}.Release|Any CPU.ActiveCfg = Release|Any CPU
		{4DF2778C-A480-4FD4-A20C-1C8EFC64817B}.Release|Any CPU.Build.0 = Release|Any CPU
	EndGlobalSection
	GlobalSection(SolutionProperties) = preSolution
		HideSolutionNode = FALSE
	EndGlobalSection
	GlobalSection(ExtensibilityGlobals) = postSolution
		SolutionGuid = {16C6B810-EA7E-4462-89EC-BF9EBE663D36}
	EndGlobalSection
EndGlobal
